// !$*UTF8*$!
{
	archiveVersion = 1;
	classes = {
	};
	objectVersion = 51;
	objects = {

/* Begin PBXBuildFile section */
		6731DB0389DC0FD7B4EE27AF /* Pods_MyHeroApp.framework in Frameworks */ = {isa = PBXBuildFile; fileRef = A067E5F3D620CDB73B033CB9 /* Pods_MyHeroApp.framework */; };
		A5081BFD247701D700657625 /* AppDelegate.swift in Sources */ = {isa = PBXBuildFile; fileRef = A5081BFC247701D700657625 /* AppDelegate.swift */; };
		A5081BFF247701D700657625 /* SceneDelegate.swift in Sources */ = {isa = PBXBuildFile; fileRef = A5081BFE247701D700657625 /* SceneDelegate.swift */; };
		A5081C01247701D700657625 /* HomePage.swift in Sources */ = {isa = PBXBuildFile; fileRef = A5081C00247701D700657625 /* HomePage.swift */; };
		A5081C04247701D700657625 /* Main.storyboard in Resources */ = {isa = PBXBuildFile; fileRef = A5081C02247701D700657625 /* Main.storyboard */; };
		A5081C07247701D700657625 /* MyHeroApp.xcdatamodeld in Sources */ = {isa = PBXBuildFile; fileRef = A5081C05247701D700657625 /* MyHeroApp.xcdatamodeld */; };
		A5081C09247701DC00657625 /* Assets.xcassets in Resources */ = {isa = PBXBuildFile; fileRef = A5081C08247701DC00657625 /* Assets.xcassets */; };
		A5081C0C247701DC00657625 /* LaunchScreen.storyboard in Resources */ = {isa = PBXBuildFile; fileRef = A5081C0A247701DC00657625 /* LaunchScreen.storyboard */; };
		A5081C16247742FA00657625 /* Hero.swift in Sources */ = {isa = PBXBuildFile; fileRef = A5081C15247742FA00657625 /* Hero.swift */; };
		A5606B1124788928002753D6 /* HeroDetailsPage.swift in Sources */ = {isa = PBXBuildFile; fileRef = A5606B1024788928002753D6 /* HeroDetailsPage.swift */; };
		A5606B1324788FE6002753D6 /* HeroDetailCell.swift in Sources */ = {isa = PBXBuildFile; fileRef = A5606B1224788FE6002753D6 /* HeroDetailCell.swift */; };
		A5606B1524789FAE002753D6 /* HeroDetails.swift in Sources */ = {isa = PBXBuildFile; fileRef = A5606B1424789FAE002753D6 /* HeroDetails.swift */; };
		A5606B172478BDD5002753D6 /* HeroList.swift in Sources */ = {isa = PBXBuildFile; fileRef = A5606B162478BDD5002753D6 /* HeroList.swift */; };
		A5606B192478C449002753D6 /* HeroResultsViewController.swift in Sources */ = {isa = PBXBuildFile; fileRef = A5606B182478C449002753D6 /* HeroResultsViewController.swift */; };
		A5606B1B2478C4A8002753D6 /* HeroResultsTableCell.swift in Sources */ = {isa = PBXBuildFile; fileRef = A5606B1A2478C4A8002753D6 /* HeroResultsTableCell.swift */; };
		A5606B1E2478CC2B002753D6 /* Indicator.swift in Sources */ = {isa = PBXBuildFile; fileRef = A5606B1D2478CC2B002753D6 /* Indicator.swift */; };
		A5AF3AF42477592900B082EB /* HomePageCell.swift in Sources */ = {isa = PBXBuildFile; fileRef = A5AF3AF32477592900B082EB /* HomePageCell.swift */; };
		A5AF3AF62477742100B082EB /* HomePageTableCell.swift in Sources */ = {isa = PBXBuildFile; fileRef = A5AF3AF52477742000B082EB /* HomePageTableCell.swift */; };
		A5AF3AF924777EA000B082EB /* HomePageModel.swift in Sources */ = {isa = PBXBuildFile; fileRef = A5AF3AF824777EA000B082EB /* HomePageModel.swift */; };
		A5AF3AFC2477812B00B082EB /* HeroServices.swift in Sources */ = {isa = PBXBuildFile; fileRef = A5AF3AFB2477812B00B082EB /* HeroServices.swift */; };
/* End PBXBuildFile section */

/* Begin PBXFileReference section */
		12C0A03E1A536CC68D66C475 /* Pods-MyHeroApp.debug.xcconfig */ = {isa = PBXFileReference; includeInIndex = 1; lastKnownFileType = text.xcconfig; name = "Pods-MyHeroApp.debug.xcconfig"; path = "Target Support Files/Pods-MyHeroApp/Pods-MyHeroApp.debug.xcconfig"; sourceTree = "<group>"; };
		202C7B52E31E083463827D2D /* Pods-MyHeroApp.release.xcconfig */ = {isa = PBXFileReference; includeInIndex = 1; lastKnownFileType = text.xcconfig; name = "Pods-MyHeroApp.release.xcconfig"; path = "Target Support Files/Pods-MyHeroApp/Pods-MyHeroApp.release.xcconfig"; sourceTree = "<group>"; };
		A067E5F3D620CDB73B033CB9 /* Pods_MyHeroApp.framework */ = {isa = PBXFileReference; explicitFileType = wrapper.framework; includeInIndex = 0; path = Pods_MyHeroApp.framework; sourceTree = BUILT_PRODUCTS_DIR; };
		A5081BF9247701D700657625 /* MyHeroApp.app */ = {isa = PBXFileReference; explicitFileType = wrapper.application; includeInIndex = 0; path = MyHeroApp.app; sourceTree = BUILT_PRODUCTS_DIR; };
		A5081BFC247701D700657625 /* AppDelegate.swift */ = {isa = PBXFileReference; lastKnownFileType = sourcecode.swift; path = AppDelegate.swift; sourceTree = "<group>"; };
		A5081BFE247701D700657625 /* SceneDelegate.swift */ = {isa = PBXFileReference; lastKnownFileType = sourcecode.swift; path = SceneDelegate.swift; sourceTree = "<group>"; };
		A5081C00247701D700657625 /* HomePage.swift */ = {isa = PBXFileReference; lastKnownFileType = sourcecode.swift; path = HomePage.swift; sourceTree = "<group>"; };
		A5081C03247701D700657625 /* Base */ = {isa = PBXFileReference; lastKnownFileType = file.storyboard; name = Base; path = Base.lproj/Main.storyboard; sourceTree = "<group>"; };
		A5081C06247701D700657625 /* MyHeroApp.xcdatamodel */ = {isa = PBXFileReference; lastKnownFileType = wrapper.xcdatamodel; path = MyHeroApp.xcdatamodel; sourceTree = "<group>"; };
		A5081C08247701DC00657625 /* Assets.xcassets */ = {isa = PBXFileReference; lastKnownFileType = folder.assetcatalog; path = Assets.xcassets; sourceTree = "<group>"; };
		A5081C0B247701DC00657625 /* Base */ = {isa = PBXFileReference; lastKnownFileType = file.storyboard; name = Base; path = Base.lproj/LaunchScreen.storyboard; sourceTree = "<group>"; };
		A5081C0D247701DC00657625 /* Info.plist */ = {isa = PBXFileReference; lastKnownFileType = text.plist.xml; path = Info.plist; sourceTree = "<group>"; };
		A5081C15247742FA00657625 /* Hero.swift */ = {isa = PBXFileReference; lastKnownFileType = sourcecode.swift; path = Hero.swift; sourceTree = "<group>"; };
		A5606B1024788928002753D6 /* HeroDetailsPage.swift */ = {isa = PBXFileReference; lastKnownFileType = sourcecode.swift; path = HeroDetailsPage.swift; sourceTree = "<group>"; };
		A5606B1224788FE6002753D6 /* HeroDetailCell.swift */ = {isa = PBXFileReference; lastKnownFileType = sourcecode.swift; path = HeroDetailCell.swift; sourceTree = "<group>"; };
		A5606B1424789FAE002753D6 /* HeroDetails.swift */ = {isa = PBXFileReference; lastKnownFileType = sourcecode.swift; path = HeroDetails.swift; sourceTree = "<group>"; };
		A5606B162478BDD5002753D6 /* HeroList.swift */ = {isa = PBXFileReference; lastKnownFileType = sourcecode.swift; path = HeroList.swift; sourceTree = "<group>"; };
		A5606B182478C449002753D6 /* HeroResultsViewController.swift */ = {isa = PBXFileReference; lastKnownFileType = sourcecode.swift; path = HeroResultsViewController.swift; sourceTree = "<group>"; };
		A5606B1A2478C4A8002753D6 /* HeroResultsTableCell.swift */ = {isa = PBXFileReference; lastKnownFileType = sourcecode.swift; path = HeroResultsTableCell.swift; sourceTree = "<group>"; };
		A5606B1D2478CC2B002753D6 /* Indicator.swift */ = {isa = PBXFileReference; lastKnownFileType = sourcecode.swift; path = Indicator.swift; sourceTree = "<group>"; };
		A5AF3AF32477592900B082EB /* HomePageCell.swift */ = {isa = PBXFileReference; lastKnownFileType = sourcecode.swift; path = HomePageCell.swift; sourceTree = "<group>"; };
		A5AF3AF52477742000B082EB /* HomePageTableCell.swift */ = {isa = PBXFileReference; lastKnownFileType = sourcecode.swift; path = HomePageTableCell.swift; sourceTree = "<group>"; };
		A5AF3AF824777EA000B082EB /* HomePageModel.swift */ = {isa = PBXFileReference; lastKnownFileType = sourcecode.swift; path = HomePageModel.swift; sourceTree = "<group>"; };
		A5AF3AFB2477812B00B082EB /* HeroServices.swift */ = {isa = PBXFileReference; lastKnownFileType = sourcecode.swift; path = HeroServices.swift; sourceTree = "<group>"; };
/* End PBXFileReference section */

/* Begin PBXFrameworksBuildPhase section */
		A5081BF6247701D700657625 /* Frameworks */ = {
			isa = PBXFrameworksBuildPhase;
			buildActionMask = 2147483647;
			files = (
				6731DB0389DC0FD7B4EE27AF /* Pods_MyHeroApp.framework in Frameworks */,
			);
			runOnlyForDeploymentPostprocessing = 0;
		};
/* End PBXFrameworksBuildPhase section */

/* Begin PBXGroup section */
		8729FDB692DBA03D64789331 /* Frameworks */ = {
			isa = PBXGroup;
			children = (
				A067E5F3D620CDB73B033CB9 /* Pods_MyHeroApp.framework */,
			);
			name = Frameworks;
			sourceTree = "<group>";
		};
		A5081BF0247701D700657625 = {
			isa = PBXGroup;
			children = (
				A5081BFB247701D700657625 /* MyHeroApp */,
				A5081BFA247701D700657625 /* Products */,
				E0917590551D570DBBC618D9 /* Pods */,
				8729FDB692DBA03D64789331 /* Frameworks */,
			);
			sourceTree = "<group>";
		};
		A5081BFA247701D700657625 /* Products */ = {
			isa = PBXGroup;
			children = (
				A5081BF9247701D700657625 /* MyHeroApp.app */,
			);
			name = Products;
			sourceTree = "<group>";
		};
		A5081BFB247701D700657625 /* MyHeroApp */ = {
			isa = PBXGroup;
			children = (
				A5AF3AFA2477810A00B082EB /* Services */,
				A5AF3AF724777E8000B082EB /* Models */,
				A5081C14247742C500657625 /* Entities */,
				A5081C132477426F00657625 /* ViewController */,
				A5081BFC247701D700657625 /* AppDelegate.swift */,
				A5081BFE247701D700657625 /* SceneDelegate.swift */,
				A5081C02247701D700657625 /* Main.storyboard */,
				A5081C08247701DC00657625 /* Assets.xcassets */,
				A5081C0A247701DC00657625 /* LaunchScreen.storyboard */,
				A5081C0D247701DC00657625 /* Info.plist */,
				A5081C05247701D700657625 /* MyHeroApp.xcdatamodeld */,
			);
			path = MyHeroApp;
			sourceTree = "<group>";
		};
		A5081C132477426F00657625 /* ViewController */ = {
			isa = PBXGroup;
			children = (
				A5606B1C2478CC15002753D6 /* Generic */,
				A5AF3AF2247758D600B082EB /* Cells */,
				A5081C00247701D700657625 /* HomePage.swift */,
				A5606B1024788928002753D6 /* HeroDetailsPage.swift */,
				A5606B182478C449002753D6 /* HeroResultsViewController.swift */,
			);
			path = ViewController;
			sourceTree = "<group>";
		};
		A5081C14247742C500657625 /* Entities */ = {
			isa = PBXGroup;
			children = (
				A5081C15247742FA00657625 /* Hero.swift */,
				A5606B1424789FAE002753D6 /* HeroDetails.swift */,
				A5606B162478BDD5002753D6 /* HeroList.swift */,
			);
			path = Entities;
			sourceTree = "<group>";
		};
		A5606B1C2478CC15002753D6 /* Generic */ = {
			isa = PBXGroup;
			children = (
				A5606B1D2478CC2B002753D6 /* Indicator.swift */,
			);
			path = Generic;
			sourceTree = "<group>";
		};
		A5AF3AF2247758D600B082EB /* Cells */ = {
			isa = PBXGroup;
			children = (
				A5AF3AF32477592900B082EB /* HomePageCell.swift */,
				A5AF3AF52477742000B082EB /* HomePageTableCell.swift */,
				A5606B1224788FE6002753D6 /* HeroDetailCell.swift */,
				A5606B1A2478C4A8002753D6 /* HeroResultsTableCell.swift */,
			);
			path = Cells;
			sourceTree = "<group>";
		};
		A5AF3AF724777E8000B082EB /* Models */ = {
			isa = PBXGroup;
			children = (
				A5AF3AF824777EA000B082EB /* HomePageModel.swift */,
			);
			path = Models;
			sourceTree = "<group>";
		};
		A5AF3AFA2477810A00B082EB /* Services */ = {
			isa = PBXGroup;
			children = (
				A5AF3AFB2477812B00B082EB /* HeroServices.swift */,
			);
			path = Services;
			sourceTree = "<group>";
		};
		E0917590551D570DBBC618D9 /* Pods */ = {
			isa = PBXGroup;
			children = (
				12C0A03E1A536CC68D66C475 /* Pods-MyHeroApp.debug.xcconfig */,
				202C7B52E31E083463827D2D /* Pods-MyHeroApp.release.xcconfig */,
			);
			path = Pods;
			sourceTree = "<group>";
		};
/* End PBXGroup section */

/* Begin PBXNativeTarget section */
		A5081BF8247701D700657625 /* MyHeroApp */ = {
			isa = PBXNativeTarget;
			buildConfigurationList = A5081C10247701DC00657625 /* Build configuration list for PBXNativeTarget "MyHeroApp" */;
			buildPhases = (
				95E9FB0FFBF37C5B3E802900 /* [CP] Check Pods Manifest.lock */,
				A5081BF5247701D700657625 /* Sources */,
				A5081BF6247701D700657625 /* Frameworks */,
				A5081BF7247701D700657625 /* Resources */,
				98E68B06C7E22EA5BB22F07E /* [CP] Embed Pods Frameworks */,
			);
			buildRules = (
			);
			dependencies = (
			);
			name = MyHeroApp;
			productName = MyHeroApp;
			productReference = A5081BF9247701D700657625 /* MyHeroApp.app */;
			productType = "com.apple.product-type.application";
		};
/* End PBXNativeTarget section */

/* Begin PBXProject section */
		A5081BF1247701D700657625 /* Project object */ = {
			isa = PBXProject;
			attributes = {
				LastSwiftUpdateCheck = 1140;
				LastUpgradeCheck = 1140;
				ORGANIZATIONNAME = "Francisco Higuera Zamarripa";
				TargetAttributes = {
					A5081BF8247701D700657625 = {
						CreatedOnToolsVersion = 11.4;
					};
				};
			};
			buildConfigurationList = A5081BF4247701D700657625 /* Build configuration list for PBXProject "MyHeroApp" */;
			compatibilityVersion = "Xcode 9.3";
			developmentRegion = en;
			hasScannedForEncodings = 0;
			knownRegions = (
				en,
				Base,
			);
			mainGroup = A5081BF0247701D700657625;
			productRefGroup = A5081BFA247701D700657625 /* Products */;
			projectDirPath = "";
			projectRoot = "";
			targets = (
				A5081BF8247701D700657625 /* MyHeroApp */,
			);
		};
/* End PBXProject section */

/* Begin PBXResourcesBuildPhase section */
		A5081BF7247701D700657625 /* Resources */ = {
			isa = PBXResourcesBuildPhase;
			buildActionMask = 2147483647;
			files = (
				A5081C0C247701DC00657625 /* LaunchScreen.storyboard in Resources */,
				A5081C09247701DC00657625 /* Assets.xcassets in Resources */,
				A5081C04247701D700657625 /* Main.storyboard in Resources */,
			);
			runOnlyForDeploymentPostprocessing = 0;
		};
/* End PBXResourcesBuildPhase section */

/* Begin PBXShellScriptBuildPhase section */
		95E9FB0FFBF37C5B3E802900 /* [CP] Check Pods Manifest.lock */ = {
			isa = PBXShellScriptBuildPhase;
			buildActionMask = 2147483647;
			files = (
			);
			inputFileListPaths = (
			);
			inputPaths = (
				"${PODS_PODFILE_DIR_PATH}/Podfile.lock",
				"${PODS_ROOT}/Manifest.lock",
			);
			name = "[CP] Check Pods Manifest.lock";
			outputFileListPaths = (
			);
			outputPaths = (
				"$(DERIVED_FILE_DIR)/Pods-MyHeroApp-checkManifestLockResult.txt",
			);
			runOnlyForDeploymentPostprocessing = 0;
			shellPath = /bin/sh;
			shellScript = "diff \"${PODS_PODFILE_DIR_PATH}/Podfile.lock\" \"${PODS_ROOT}/Manifest.lock\" > /dev/null\nif [ $? != 0 ] ; then\n    # print error to STDERR\n    echo \"error: The sandbox is not in sync with the Podfile.lock. Run 'pod install' or update your CocoaPods installation.\" >&2\n    exit 1\nfi\n# This output is used by Xcode 'outputs' to avoid re-running this script phase.\necho \"SUCCESS\" > \"${SCRIPT_OUTPUT_FILE_0}\"\n";
			showEnvVarsInLog = 0;
		};
		98E68B06C7E22EA5BB22F07E /* [CP] Embed Pods Frameworks */ = {
			isa = PBXShellScriptBuildPhase;
			buildActionMask = 2147483647;
			files = (
			);
			inputFileListPaths = (
				"${PODS_ROOT}/Target Support Files/Pods-MyHeroApp/Pods-MyHeroApp-frameworks-${CONFIGURATION}-input-files.xcfilelist",
			);
			name = "[CP] Embed Pods Frameworks";
			outputFileListPaths = (
				"${PODS_ROOT}/Target Support Files/Pods-MyHeroApp/Pods-MyHeroApp-frameworks-${CONFIGURATION}-output-files.xcfilelist",
			);
			runOnlyForDeploymentPostprocessing = 0;
			shellPath = /bin/sh;
			shellScript = "\"${PODS_ROOT}/Target Support Files/Pods-MyHeroApp/Pods-MyHeroApp-frameworks.sh\"\n";
			showEnvVarsInLog = 0;
		};
/* End PBXShellScriptBuildPhase section */

/* Begin PBXSourcesBuildPhase section */
		A5081BF5247701D700657625 /* Sources */ = {
			isa = PBXSourcesBuildPhase;
			buildActionMask = 2147483647;
			files = (
				A5081C16247742FA00657625 /* Hero.swift in Sources */,
				A5AF3AF62477742100B082EB /* HomePageTableCell.swift in Sources */,
				A5606B1B2478C4A8002753D6 /* HeroResultsTableCell.swift in Sources */,
				A5081C01247701D700657625 /* HomePage.swift in Sources */,
				A5081BFD247701D700657625 /* AppDelegate.swift in Sources */,
				A5AF3AF42477592900B082EB /* HomePageCell.swift in Sources */,
				A5606B192478C449002753D6 /* HeroResultsViewController.swift in Sources */,
				A5606B1E2478CC2B002753D6 /* Indicator.swift in Sources */,
				A5606B1324788FE6002753D6 /* HeroDetailCell.swift in Sources */,
				A5AF3AFC2477812B00B082EB /* HeroServices.swift in Sources */,
				A5AF3AF924777EA000B082EB /* HomePageModel.swift in Sources */,
				A5606B1524789FAE002753D6 /* HeroDetails.swift in Sources */,
				A5606B1124788928002753D6 /* HeroDetailsPage.swift in Sources */,
				A5606B172478BDD5002753D6 /* HeroList.swift in Sources */,
				A5081BFF247701D700657625 /* SceneDelegate.swift in Sources */,
				A5081C07247701D700657625 /* MyHeroApp.xcdatamodeld in Sources */,
			);
			runOnlyForDeploymentPostprocessing = 0;
		};
/* End PBXSourcesBuildPhase section */

/* Begin PBXVariantGroup section */
		A5081C02247701D700657625 /* Main.storyboard */ = {
			isa = PBXVariantGroup;
			children = (
				A5081C03247701D700657625 /* Base */,
			);
			name = Main.storyboard;
			sourceTree = "<group>";
		};
		A5081C0A247701DC00657625 /* LaunchScreen.storyboard */ = {
			isa = PBXVariantGroup;
			children = (
				A5081C0B247701DC00657625 /* Base */,
			);
			name = LaunchScreen.storyboard;
			sourceTree = "<group>";
		};
/* End PBXVariantGroup section */

/* Begin XCBuildConfiguration section */
		A5081C0E247701DC00657625 /* Debug */ = {
			isa = XCBuildConfiguration;
			buildSettings = {
				ALWAYS_SEARCH_USER_PATHS = NO;
				CLANG_ANALYZER_NONNULL = YES;
				CLANG_ANALYZER_NUMBER_OBJECT_CONVERSION = YES_AGGRESSIVE;
				CLANG_CXX_LANGUAGE_STANDARD = "gnu++14";
				CLANG_CXX_LIBRARY = "libc++";
				CLANG_ENABLE_MODULES = YES;
				CLANG_ENABLE_OBJC_ARC = YES;
				CLANG_ENABLE_OBJC_WEAK = YES;
				CLANG_WARN_BLOCK_CAPTURE_AUTORELEASING = YES;
				CLANG_WARN_BOOL_CONVERSION = YES;
				CLANG_WARN_COMMA = YES;
				CLANG_WARN_CONSTANT_CONVERSION = YES;
				CLANG_WARN_DEPRECATED_OBJC_IMPLEMENTATIONS = YES;
				CLANG_WARN_DIRECT_OBJC_ISA_USAGE = YES_ERROR;
				CLANG_WARN_DOCUMENTATION_COMMENTS = YES;
				CLANG_WARN_EMPTY_BODY = YES;
				CLANG_WARN_ENUM_CONVERSION = YES;
				CLANG_WARN_INFINITE_RECURSION = YES;
				CLANG_WARN_INT_CONVERSION = YES;
				CLANG_WARN_NON_LITERAL_NULL_CONVERSION = YES;
				CLANG_WARN_OBJC_IMPLICIT_RETAIN_SELF = YES;
				CLANG_WARN_OBJC_LITERAL_CONVERSION = YES;
				CLANG_WARN_OBJC_ROOT_CLASS = YES_ERROR;
				CLANG_WARN_RANGE_LOOP_ANALYSIS = YES;
				CLANG_WARN_STRICT_PROTOTYPES = YES;
				CLANG_WARN_SUSPICIOUS_MOVE = YES;
				CLANG_WARN_UNGUARDED_AVAILABILITY = YES_AGGRESSIVE;
				CLANG_WARN_UNREACHABLE_CODE = YES;
				CLANG_WARN__DUPLICATE_METHOD_MATCH = YES;
				COPY_PHASE_STRIP = NO;
				DEBUG_INFORMATION_FORMAT = dwarf;
				ENABLE_STRICT_OBJC_MSGSEND = YES;
				ENABLE_TESTABILITY = YES;
				GCC_C_LANGUAGE_STANDARD = gnu11;
				GCC_DYNAMIC_NO_PIC = NO;
				GCC_NO_COMMON_BLOCKS = YES;
				GCC_OPTIMIZATION_LEVEL = 0;
				GCC_PREPROCESSOR_DEFINITIONS = (
					"DEBUG=1",
					"$(inherited)",
				);
				GCC_WARN_64_TO_32_BIT_CONVERSION = YES;
				GCC_WARN_ABOUT_RETURN_TYPE = YES_ERROR;
				GCC_WARN_UNDECLARED_SELECTOR = YES;
				GCC_WARN_UNINITIALIZED_AUTOS = YES_AGGRESSIVE;
				GCC_WARN_UNUSED_FUNCTION = YES;
				GCC_WARN_UNUSED_VARIABLE = YES;
				IPHONEOS_DEPLOYMENT_TARGET = 13.4;
				MTL_ENABLE_DEBUG_INFO = INCLUDE_SOURCE;
				MTL_FAST_MATH = YES;
				ONLY_ACTIVE_ARCH = YES;
				SDKROOT = iphoneos;
				SWIFT_ACTIVE_COMPILATION_CONDITIONS = DEBUG;
				SWIFT_OPTIMIZATION_LEVEL = "-Onone";
			};
			name = Debug;
		};
		A5081C0F247701DC00657625 /* Release */ = {
			isa = XCBuildConfiguration;
			buildSettings = {
				ALWAYS_SEARCH_USER_PATHS = NO;
				CLANG_ANALYZER_NONNULL = YES;
				CLANG_ANALYZER_NUMBER_OBJECT_CONVERSION = YES_AGGRESSIVE;
				CLANG_CXX_LANGUAGE_STANDARD = "gnu++14";
				CLANG_CXX_LIBRARY = "libc++";
				CLANG_ENABLE_MODULES = YES;
				CLANG_ENABLE_OBJC_ARC = YES;
				CLANG_ENABLE_OBJC_WEAK = YES;
				CLANG_WARN_BLOCK_CAPTURE_AUTORELEASING = YES;
				CLANG_WARN_BOOL_CONVERSION = YES;
				CLANG_WARN_COMMA = YES;
				CLANG_WARN_CONSTANT_CONVERSION = YES;
				CLANG_WARN_DEPRECATED_OBJC_IMPLEMENTATIONS = YES;
				CLANG_WARN_DIRECT_OBJC_ISA_USAGE = YES_ERROR;
				CLANG_WARN_DOCUMENTATION_COMMENTS = YES;
				CLANG_WARN_EMPTY_BODY = YES;
				CLANG_WARN_ENUM_CONVERSION = YES;
				CLANG_WARN_INFINITE_RECURSION = YES;
				CLANG_WARN_INT_CONVERSION = YES;
				CLANG_WARN_NON_LITERAL_NULL_CONVERSION = YES;
				CLANG_WARN_OBJC_IMPLICIT_RETAIN_SELF = YES;
				CLANG_WARN_OBJC_LITERAL_CONVERSION = YES;
				CLANG_WARN_OBJC_ROOT_CLASS = YES_ERROR;
				CLANG_WARN_RANGE_LOOP_ANALYSIS = YES;
				CLANG_WARN_STRICT_PROTOTYPES = YES;
				CLANG_WARN_SUSPICIOUS_MOVE = YES;
				CLANG_WARN_UNGUARDED_AVAILABILITY = YES_AGGRESSIVE;
				CLANG_WARN_UNREACHABLE_CODE = YES;
				CLANG_WARN__DUPLICATE_METHOD_MATCH = YES;
				COPY_PHASE_STRIP = NO;
				DEBUG_INFORMATION_FORMAT = "dwarf-with-dsym";
				ENABLE_NS_ASSERTIONS = NO;
				ENABLE_STRICT_OBJC_MSGSEND = YES;
				GCC_C_LANGUAGE_STANDARD = gnu11;
				GCC_NO_COMMON_BLOCKS = YES;
				GCC_WARN_64_TO_32_BIT_CONVERSION = YES;
				GCC_WARN_ABOUT_RETURN_TYPE = YES_ERROR;
				GCC_WARN_UNDECLARED_SELECTOR = YES;
				GCC_WARN_UNINITIALIZED_AUTOS = YES_AGGRESSIVE;
				GCC_WARN_UNUSED_FUNCTION = YES;
				GCC_WARN_UNUSED_VARIABLE = YES;
				IPHONEOS_DEPLOYMENT_TARGET = 13.4;
				MTL_ENABLE_DEBUG_INFO = NO;
				MTL_FAST_MATH = YES;
				SDKROOT = iphoneos;
				SWIFT_COMPILATION_MODE = wholemodule;
				SWIFT_OPTIMIZATION_LEVEL = "-O";
				VALIDATE_PRODUCT = YES;
			};
			name = Release;
		};
		A5081C11247701DC00657625 /* Debug */ = {
			isa = XCBuildConfiguration;
			baseConfigurationReference = 12C0A03E1A536CC68D66C475 /* Pods-MyHeroApp.debug.xcconfig */;
			buildSettings = {
				ASSETCATALOG_COMPILER_APPICON_NAME = AppIcon;
				CODE_SIGN_STYLE = Automatic;
				DEVELOPMENT_TEAM = V56MZWJ5J5;
				INFOPLIST_FILE = MyHeroApp/Info.plist;
				LD_RUNPATH_SEARCH_PATHS = (
					"$(inherited)",
					"@executable_path/Frameworks",
				);
				PRODUCT_BUNDLE_IDENTIFIER = com.FranciscoHiguera.MyHeroApp;
				PRODUCT_NAME = "$(TARGET_NAME)";
				SWIFT_VERSION = 5.0;
				TARGETED_DEVICE_FAMILY = "1,2";
			};
			name = Debug;
		};
		A5081C12247701DC00657625 /* Release */ = {
			isa = XCBuildConfiguration;
			baseConfigurationReference = 202C7B52E31E083463827D2D /* Pods-MyHeroApp.release.xcconfig */;
			buildSettings = {
				ASSETCATALOG_COMPILER_APPICON_NAME = AppIcon;
				CODE_SIGN_STYLE = Automatic;
				DEVELOPMENT_TEAM = V56MZWJ5J5;
				INFOPLIST_FILE = MyHeroApp/Info.plist;
				LD_RUNPATH_SEARCH_PATHS = (
					"$(inherited)",
					"@executable_path/Frameworks",
				);
				PRODUCT_BUNDLE_IDENTIFIER = com.FranciscoHiguera.MyHeroApp;
				PRODUCT_NAME = "$(TARGET_NAME)";
				SWIFT_VERSION = 5.0;
				TARGETED_DEVICE_FAMILY = "1,2";
			};
			name = Release;
		};
/* End XCBuildConfiguration section */

/* Begin XCConfigurationList section */
		A5081BF4247701D700657625 /* Build configuration list for PBXProject "MyHeroApp" */ = {
			isa = XCConfigurationList;
			buildConfigurations = (
				A5081C0E247701DC00657625 /* Debug */,
				A5081C0F247701DC00657625 /* Release */,
			);
			defaultConfigurationIsVisible = 0;
			defaultConfigurationName = Release;
		};
		A5081C10247701DC00657625 /* Build configuration list for PBXNativeTarget "MyHeroApp" */ = {
			isa = XCConfigurationList;
			buildConfigurations = (
				A5081C11247701DC00657625 /* Debug */,
				A5081C12247701DC00657625 /* Release */,
			);
			defaultConfigurationIsVisible = 0;
			defaultConfigurationName = Release;
		};
/* End XCConfigurationList section */

/* Begin XCVersionGroup section */
		A5081C05247701D700657625 /* MyHeroApp.xcdatamodeld */ = {
			isa = XCVersionGroup;
			children = (
				A5081C06247701D700657625 /* MyHeroApp.xcdatamodel */,
			);
			currentVersion = A5081C06247701D700657625 /* MyHeroApp.xcdatamodel */;
			path = MyHeroApp.xcdatamodeld;
			sourceTree = "<group>";
			versionGroupType = wrapper.xcdatamodel;
		};
/* End XCVersionGroup section */
	};
	rootObject = A5081BF1247701D700657625 /* Project object */;
}
